
Microsoft Visual Studio Solution File, Format Version 12.00
# Visual Studio 14
VisualStudioVersion = 14.0.25420.1
MinimumVisualStudioVersion = 10.0.40219.1
Project("{2150E333-8FDC-42A3-9474-1A3956D46DE8}") = "root", "root", "{A219E328-B15A-41FF-BAA5-5F46679EF9C8}"
	ProjectSection(SolutionItems) = preProject
		.editorconfig = .editorconfig
		.gitattributes = .gitattributes
		.gitignore = .gitignore
		.travis.yml = .travis.yml
		appveyor.yml = appveyor.yml
		build.cake = build.cake
		build.ps1 = build.ps1
		build.sh = build.sh
		LICENSE = LICENSE
		README.md = README.md
		SolutionInfo.cs = SolutionInfo.cs
	EndProjectSection
EndProject
Project("{FAE04EC0-301F-11D3-BF4B-00C04F79EFBC}") = "fsdgenjs", "src\fsdgenjs\fsdgenjs.csproj", "{3B9A5F61-E874-4A5A-BB5F-436990E521F3}"
EndProject
Project("{FAE04EC0-301F-11D3-BF4B-00C04F79EFBC}") = "Facility.CodeGen.JavaScript", "src\Facility.CodeGen.JavaScript\Facility.CodeGen.JavaScript.csproj", "{B6EA1C94-27CD-4602-8544-6D16D225917F}"
EndProject
Project("{FAE04EC0-301F-11D3-BF4B-00C04F79EFBC}") = "Facility.CodeGen.JavaScript.UnitTests", "tests\Facility.CodeGen.JavaScript.UnitTests\Facility.CodeGen.JavaScript.UnitTests.csproj", "{EADECDC8-65A8-47A7-91ED-10CA49F15B97}"
EndProject
Project("{2150E333-8FDC-42A3-9474-1A3956D46DE8}") = "example", "example", "{F6D4394D-08C3-4BB8-9D56-0462BCCF4BE9}"
	ProjectSection(SolutionItems) = preProject
		example\ExampleApi.fsd = example\ExampleApi.fsd
	EndProjectSection
EndProject
Global
	GlobalSection(SolutionConfigurationPlatforms) = preSolution
		Debug|Any CPU = Debug|Any CPU
		Release|Any CPU = Release|Any CPU
	EndGlobalSection
	GlobalSection(ProjectConfigurationPlatforms) = postSolution
		{3B9A5F61-E874-4A5A-BB5F-436990E521F3}.Debug|Any CPU.ActiveCfg = Debug|Any CPU
		{3B9A5F61-E874-4A5A-BB5F-436990E521F3}.Debug|Any CPU.Build.0 = Debug|Any CPU
		{3B9A5F61-E874-4A5A-BB5F-436990E521F3}.Release|Any CPU.ActiveCfg = Release|Any CPU
		{3B9A5F61-E874-4A5A-BB5F-436990E521F3}.Release|Any CPU.Build.0 = Release|Any CPU
		{B6EA1C94-27CD-4602-8544-6D16D225917F}.Debug|Any CPU.ActiveCfg = Debug|Any CPU
		{B6EA1C94-27CD-4602-8544-6D16D225917F}.Debug|Any CPU.Build.0 = Debug|Any CPU
		{B6EA1C94-27CD-4602-8544-6D16D225917F}.Release|Any CPU.ActiveCfg = Release|Any CPU
		{B6EA1C94-27CD-4602-8544-6D16D225917F}.Release|Any CPU.Build.0 = Release|Any CPU
		{EADECDC8-65A8-47A7-91ED-10CA49F15B97}.Debug|Any CPU.ActiveCfg = Debug|Any CPU
		{EADECDC8-65A8-47A7-91ED-10CA49F15B97}.Debug|Any CPU.Build.0 = Debug|Any CPU
		{EADECDC8-65A8-47A7-91ED-10CA49F15B97}.Release|Any CPU.ActiveCfg = Release|Any CPU
		{EADECDC8-65A8-47A7-91ED-10CA49F15B97}.Release|Any CPU.Build.0 = Release|Any CPU
	EndGlobalSection
	GlobalSection(SolutionProperties) = preSolution
		HideSolutionNode = FALSE
	EndGlobalSection
EndGlobal
